{
  "name": "@onigetoc/mdsearch",
  "version": "0.1.2",
  "lockfileVersion": 3,
  "requires": true,
  "packages": {
    "": {
      "name": "@onigetoc/mdsearch",
      "version": "0.1.2",
      "license": "MIT",
      "dependencies": {
        "minisearch": "^7.2.0"
      },
      "bin": {
        "mdindex": "src/index-md.mjs",
        "mdsearch": "src/search-md.mjs"
      },
      "engines": {
        "node": ">=18"
      }
    },
    "node_modules/minisearch": {
      "version": "7.2.0",
      "license": "MIT"
    }
  }
}
